
Microsoft Visual Studio Solution File, Format Version 12.00
# Visual Studio Version 17
VisualStudioVersion = 17.8.34330.188
MinimumVisualStudioVersion = 10.0.40219.1
Project("{FAE04EC0-301F-11D3-BF4B-00C04F79EFBC}") = "Warehouse.API", "Warehouse.API\Warehouse.API.csproj", "{BD382470-C0A2-46A5-9322-3C330A453BB0}"
EndProject
Project("{9A19103F-16F7-4668-BE54-9A1E7A4F7556}") = "Warehouse.BLL", "Warehouse.BLL\Warehouse.BLL.csproj", "{AF1CE7E4-F733-457B-A35F-7613E3518C89}"
EndProject
Project("{9A19103F-16F7-4668-BE54-9A1E7A4F7556}") = "Warehouse.DAL", "Warehouse.DLL\Warehouse.DAL.csproj", "{CEF66D8E-07B8-4D48-BA81-E06A8EC32F54}"
EndProject
Project("{9A19103F-16F7-4668-BE54-9A1E7A4F7556}") = "Warehouse.Domain", "Warehouse.Domain\Warehouse.Domain.csproj", "{223785BD-40E9-4241-88A6-F679DA9EF4F0}"
EndProject
Project("{9A19103F-16F7-4668-BE54-9A1E7A4F7556}") = "Warehouse.Common", "Warehouse.Common\Warehouse.Common.csproj", "{89638BB8-7FDD-41BA-BBE0-1615A4D7D693}"
EndProject
Project("{9A19103F-16F7-4668-BE54-9A1E7A4F7556}") = "Warehouse.BLL.Tests", "Warehouse.BLL.Tests\Warehouse.BLL.Tests.csproj", "{C1BA035E-CC28-457F-B773-802703620EBA}"
EndProject
Project("{9A19103F-16F7-4668-BE54-9A1E7A4F7556}") = "Warehouse.DAL.Tests", "Warehouse.DAL.Tests\Warehouse.DAL.Tests.csproj", "{DF8BFDF6-0EB5-44C3-B4C2-715C6A9A4506}"
EndProject
Project("{9A19103F-16F7-4668-BE54-9A1E7A4F7556}") = "Warehouse.Domain.Tests", "Warehouse.Domain.Tests\Warehouse.Domain.Tests.csproj", "{1675430F-2C80-4EEA-8B05-6CB011F27DA4}"
EndProject
Project("{9A19103F-16F7-4668-BE54-9A1E7A4F7556}") = "Warehouse.API.Tests", "Warehouse.API.Tests\Warehouse.API.Tests.csproj", "{B43039D7-9987-4F82-84AB-A070423281C7}"
EndProject
Project("{2150E333-8FDC-42A3-9474-1A3956D46DE8}") = "tests", "tests", "{CB6B7260-D68B-4D0C-8320-5FE48440A1F2}"
EndProject
Project("{2150E333-8FDC-42A3-9474-1A3956D46DE8}") = "src", "src", "{B78A4300-0895-4729-914E-455FBDAEDF32}"
EndProject
Global
	GlobalSection(SolutionConfigurationPlatforms) = preSolution
		Debug|Any CPU = Debug|Any CPU
		Release|Any CPU = Release|Any CPU
	EndGlobalSection
	GlobalSection(ProjectConfigurationPlatforms) = postSolution
		{BD382470-C0A2-46A5-9322-3C330A453BB0}.Debug|Any CPU.ActiveCfg = Debug|Any CPU
		{BD382470-C0A2-46A5-9322-3C330A453BB0}.Debug|Any CPU.Build.0 = Debug|Any CPU
		{BD382470-C0A2-46A5-9322-3C330A453BB0}.Release|Any CPU.ActiveCfg = Release|Any CPU
		{BD382470-C0A2-46A5-9322-3C330A453BB0}.Release|Any CPU.Build.0 = Release|Any CPU
		{AF1CE7E4-F733-457B-A35F-7613E3518C89}.Debug|Any CPU.ActiveCfg = Debug|Any CPU
		{AF1CE7E4-F733-457B-A35F-7613E3518C89}.Debug|Any CPU.Build.0 = Debug|Any CPU
		{AF1CE7E4-F733-457B-A35F-7613E3518C89}.Release|Any CPU.ActiveCfg = Release|Any CPU
		{AF1CE7E4-F733-457B-A35F-7613E3518C89}.Release|Any CPU.Build.0 = Release|Any CPU
		{CEF66D8E-07B8-4D48-BA81-E06A8EC32F54}.Debug|Any CPU.ActiveCfg = Debug|Any CPU
		{CEF66D8E-07B8-4D48-BA81-E06A8EC32F54}.Debug|Any CPU.Build.0 = Debug|Any CPU
		{CEF66D8E-07B8-4D48-BA81-E06A8EC32F54}.Release|Any CPU.ActiveCfg = Release|Any CPU
		{CEF66D8E-07B8-4D48-BA81-E06A8EC32F54}.Release|Any CPU.Build.0 = Release|Any CPU
		{223785BD-40E9-4241-88A6-F679DA9EF4F0}.Debug|Any CPU.ActiveCfg = Debug|Any CPU
		{223785BD-40E9-4241-88A6-F679DA9EF4F0}.Debug|Any CPU.Build.0 = Debug|Any CPU
		{223785BD-40E9-4241-88A6-F679DA9EF4F0}.Release|Any CPU.ActiveCfg = Release|Any CPU
		{223785BD-40E9-4241-88A6-F679DA9EF4F0}.Release|Any CPU.Build.0 = Release|Any CPU
		{89638BB8-7FDD-41BA-BBE0-1615A4D7D693}.Debug|Any CPU.ActiveCfg = Debug|Any CPU
		{89638BB8-7FDD-41BA-BBE0-1615A4D7D693}.Debug|Any CPU.Build.0 = Debug|Any CPU
		{89638BB8-7FDD-41BA-BBE0-1615A4D7D693}.Release|Any CPU.ActiveCfg = Release|Any CPU
		{89638BB8-7FDD-41BA-BBE0-1615A4D7D693}.Release|Any CPU.Build.0 = Release|Any CPU
		{C1BA035E-CC28-457F-B773-802703620EBA}.Debug|Any CPU.ActiveCfg = Debug|Any CPU
		{C1BA035E-CC28-457F-B773-802703620EBA}.Debug|Any CPU.Build.0 = Debug|Any CPU
		{C1BA035E-CC28-457F-B773-802703620EBA}.Release|Any CPU.ActiveCfg = Release|Any CPU
		{C1BA035E-CC28-457F-B773-802703620EBA}.Release|Any CPU.Build.0 = Release|Any CPU
		{DF8BFDF6-0EB5-44C3-B4C2-715C6A9A4506}.Debug|Any CPU.ActiveCfg = Debug|Any CPU
		{DF8BFDF6-0EB5-44C3-B4C2-715C6A9A4506}.Debug|Any CPU.Build.0 = Debug|Any CPU
		{DF8BFDF6-0EB5-44C3-B4C2-715C6A9A4506}.Release|Any CPU.ActiveCfg = Release|Any CPU
		{DF8BFDF6-0EB5-44C3-B4C2-715C6A9A4506}.Release|Any CPU.Build.0 = Release|Any CPU
		{1675430F-2C80-4EEA-8B05-6CB011F27DA4}.Debug|Any CPU.ActiveCfg = Debug|Any CPU
		{1675430F-2C80-4EEA-8B05-6CB011F27DA4}.Debug|Any CPU.Build.0 = Debug|Any CPU
		{1675430F-2C80-4EEA-8B05-6CB011F27DA4}.Release|Any CPU.ActiveCfg = Release|Any CPU
		{1675430F-2C80-4EEA-8B05-6CB011F27DA4}.Release|Any CPU.Build.0 = Release|Any CPU
		{B43039D7-9987-4F82-84AB-A070423281C7}.Debug|Any CPU.ActiveCfg = Debug|Any CPU
		{B43039D7-9987-4F82-84AB-A070423281C7}.Debug|Any CPU.Build.0 = Debug|Any CPU
		{B43039D7-9987-4F82-84AB-A070423281C7}.Release|Any CPU.ActiveCfg = Release|Any CPU
		{B43039D7-9987-4F82-84AB-A070423281C7}.Release|Any CPU.Build.0 = Release|Any CPU
	EndGlobalSection
	GlobalSection(SolutionProperties) = preSolution
		HideSolutionNode = FALSE
	EndGlobalSection
	GlobalSection(NestedProjects) = preSolution
		{BD382470-C0A2-46A5-9322-3C330A453BB0} = {B78A4300-0895-4729-914E-455FBDAEDF32}
		{AF1CE7E4-F733-457B-A35F-7613E3518C89} = {B78A4300-0895-4729-914E-455FBDAEDF32}
		{CEF66D8E-07B8-4D48-BA81-E06A8EC32F54} = {B78A4300-0895-4729-914E-455FBDAEDF32}
		{223785BD-40E9-4241-88A6-F679DA9EF4F0} = {B78A4300-0895-4729-914E-455FBDAEDF32}
		{89638BB8-7FDD-41BA-BBE0-1615A4D7D693} = {B78A4300-0895-4729-914E-455FBDAEDF32}
		{C1BA035E-CC28-457F-B773-802703620EBA} = {CB6B7260-D68B-4D0C-8320-5FE48440A1F2}
		{DF8BFDF6-0EB5-44C3-B4C2-715C6A9A4506} = {CB6B7260-D68B-4D0C-8320-5FE48440A1F2}
		{1675430F-2C80-4EEA-8B05-6CB011F27DA4} = {CB6B7260-D68B-4D0C-8320-5FE48440A1F2}
		{B43039D7-9987-4F82-84AB-A070423281C7} = {CB6B7260-D68B-4D0C-8320-5FE48440A1F2}
	EndGlobalSection
	GlobalSection(ExtensibilityGlobals) = postSolution
		SolutionGuid = {0450F66C-7C82-4E59-84E1-286488CB572B}
	EndGlobalSection
EndGlobal
